{
    "_readme": [
        "This file locks the dependencies of your project to a known state",
        "Read more about it at https://getcomposer.org/doc/01-basic-usage.md#composer-lock-the-lock-file",
        "This file is @generated automatically"
    ],
    "hash": "ad62327f09725e32dc35078706a29ac1",
    "content-hash": "04549ff7cdf976020f7f837f9b082533",
    "packages": [
        {
            "name": "symfony/yaml",
            "version": "v3.3.13",
            "source": {
                "type": "git",
                "url": "https://github.com/symfony/yaml.git",
                "reference": "0938408c4faa518d95230deabb5f595bf0de31b9"
            },
            "dist": {
                "type": "zip",
                "url": "https://api.github.com/repos/symfony/yaml/zipball/0938408c4faa518d95230deabb5f595bf0de31b9",
                "reference": "0938408c4faa518d95230deabb5f595bf0de31b9",
                "shasum": ""
            },
            "require": {
                "php": "^5.5.9|>=7.0.8"
            },
            "require-dev": {
                "symfony/console": "~2.8|~3.0"
            },
            "suggest": {
                "symfony/console": "For validating YAML files using the lint command"
            },
            "type": "library",
            "extra": {
                "branch-alias": {
                    "dev-master": "3.3-dev"
                }
            },
            "autoload": {
                "psr-4": {
                    "Symfony\\Component\\Yaml\\": ""
                },
                "exclude-from-classmap": [
                    "/Tests/"
                ]
            },
            "notification-url": "https://packagist.org/downloads/",
            "license": [
                "MIT"
            ],
            "authors": [
                {
                    "name": "Fabien Potencier",
                    "email": "fabien@symfony.com"
                },
                {
                    "name": "Symfony Community",
                    "homepage": "https://symfony.com/contributors"
                }
            ],
            "description": "Symfony Yaml Component",
            "homepage": "https://symfony.com",
            "time": "2017-11-10 18:26:04"
        },
        {
            "name": "youshido/graphql",
            "version": "v1.5.2",
            "source": {
                "type": "git",
                "url": "https://github.com/Youshido/GraphQL.git",
                "reference": "627de161919059821a5411b9f3d58c26afb81683"
            },
            "dist": {
                "type": "zip",
                "url": "https://api.github.com/repos/Youshido/GraphQL/zipball/627de161919059821a5411b9f3d58c26afb81683",
                "reference": "627de161919059821a5411b9f3d58c26afb81683",
                "shasum": ""
            },
            "require": {
                "php": ">=5.5,<8.0-DEV"
            },
            "require-dev": {
                "phpunit/phpunit": "^4.8"
            },
            "type": "library",
            "autoload": {
                "psr-4": {
                    "Youshido\\GraphQL\\": "src"
                }
            },
            "notification-url": "https://packagist.org/downloads/",
            "license": [
                "MIT"
            ],
            "authors": [
                {
                    "name": "Alexandr Viniychuk",
                    "email": "a@viniychuk.com"
                },
                {
                    "name": "Portey Vasil",
                    "email": "portey@gmail.com"
                }
            ],
            "description": "Pure PHP GraphQL",
            "time": "2017-10-20 11:25:48"
        }
    ],
    "packages-dev": [],
    "aliases": [],
    "minimum-stability": "stable",
    "stability-flags": [],
    "prefer-stable": false,
    "prefer-lowest": false,
    "platform": [],
    "platform-dev": []
}
